
Microsoft Visual Studio Solution File, Format Version 12.00
# Visual Studio Version 17
VisualStudioVersion = 17.8.34511.84
MinimumVisualStudioVersion = 10.0.40219.1
Project("{9A19103F-16F7-4668-BE54-9A1E7A4F7556}") = "DiscordDataSummarizer", "DiscordDataSummarizer.csproj", "{4CE31E38-FB3D-404B-809D-7F79CD06927A}"
EndProject
Global
	GlobalSection(SolutionConfigurationPlatforms) = preSolution
		Debug|Any CPU = Debug|Any CPU
		Release|Any CPU = Release|Any CPU
	EndGlobalSection
	GlobalSection(ProjectConfigurationPlatforms) = postSolution
		{4CE31E38-FB3D-404B-809D-7F79CD06927A}.Debug|Any CPU.ActiveCfg = Debug|Any CPU
		{4CE31E38-FB3D-404B-809D-7F79CD06927A}.Debug|Any CPU.Build.0 = Debug|Any CPU
		{4CE31E38-FB3D-404B-809D-7F79CD06927A}.Release|Any CPU.ActiveCfg = Release|Any CPU
		{4CE31E38-FB3D-404B-809D-7F79CD06927A}.Release|Any CPU.Build.0 = Release|Any CPU
	EndGlobalSection
	GlobalSection(SolutionProperties) = preSolution
		HideSolutionNode = FALSE
	EndGlobalSection
	GlobalSection(ExtensibilityGlobals) = postSolution
		SolutionGuid = {1A882440-D4BB-46B7-B1D8-48519F9502CC}
	EndGlobalSection
EndGlobal
